
Microsoft Visual Studio Solution File, Format Version 12.00
# Visual Studio 15
VisualStudioVersion = 15.0.27428.2043
MinimumVisualStudioVersion = 10.0.40219.1
Project("{FAE04EC0-301F-11D3-BF4B-00C04F79EFBC}") = "GACHealthApp", "GACHealthApp\GACHealthApp.csproj", "{DE87584F-F676-4A34-A80B-FBDF8395FB17}"
EndProject
Global
	GlobalSection(SolutionConfigurationPlatforms) = preSolution
		Debug|Any CPU = Debug|Any CPU
		Release|Any CPU = Release|Any CPU
	EndGlobalSection
	GlobalSection(ProjectConfigurationPlatforms) = postSolution
		{DE87584F-F676-4A34-A80B-FBDF8395FB17}.Debug|Any CPU.ActiveCfg = Debug|Any CPU
		{DE87584F-F676-4A34-A80B-FBDF8395FB17}.Debug|Any CPU.Build.0 = Debug|Any CPU
		{DE87584F-F676-4A34-A80B-FBDF8395FB17}.Release|Any CPU.ActiveCfg = Release|Any CPU
		{DE87584F-F676-4A34-A80B-FBDF8395FB17}.Release|Any CPU.Build.0 = Release|Any CPU
	EndGlobalSection
	GlobalSection(SolutionProperties) = preSolution
		HideSolutionNode = FALSE
	EndGlobalSection
	GlobalSection(ExtensibilityGlobals) = postSolution
		SolutionGuid = {3D74BE6F-0455-43E5-B209-D17F1A3CAC14}
	EndGlobalSection
EndGlobal
