
Microsoft Visual Studio Solution File, Format Version 12.00
# Visual Studio 15
VisualStudioVersion = 15.0.28010.2026
MinimumVisualStudioVersion = 10.0.40219.1
Project("{FAE04EC0-301F-11D3-BF4B-00C04F79EFBC}") = "GaCHealthApp2", "GaCHealthApp2\GaCHealthApp2.csproj", "{35F5BBB3-377E-4BF8-8020-83E7AF07E6F2}"
EndProject
Global
	GlobalSection(SolutionConfigurationPlatforms) = preSolution
		Debug|Any CPU = Debug|Any CPU
		Release|Any CPU = Release|Any CPU
	EndGlobalSection
	GlobalSection(ProjectConfigurationPlatforms) = postSolution
		{35F5BBB3-377E-4BF8-8020-83E7AF07E6F2}.Debug|Any CPU.ActiveCfg = Debug|Any CPU
		{35F5BBB3-377E-4BF8-8020-83E7AF07E6F2}.Debug|Any CPU.Build.0 = Debug|Any CPU
		{35F5BBB3-377E-4BF8-8020-83E7AF07E6F2}.Release|Any CPU.ActiveCfg = Release|Any CPU
		{35F5BBB3-377E-4BF8-8020-83E7AF07E6F2}.Release|Any CPU.Build.0 = Release|Any CPU
	EndGlobalSection
	GlobalSection(SolutionProperties) = preSolution
		HideSolutionNode = FALSE
	EndGlobalSection
	GlobalSection(ExtensibilityGlobals) = postSolution
		SolutionGuid = {D6CD74C6-2AD5-4EAA-9AB1-4E70802FD099}
	EndGlobalSection
EndGlobal
