
Microsoft Visual Studio Solution File, Format Version 12.00
# Visual Studio 15
VisualStudioVersion = 15.0.28010.2019
MinimumVisualStudioVersion = 10.0.40219.1
Project("{FAE04EC0-301F-11D3-BF4B-00C04F79EFBC}") = "GACHealthApp", "GACHealthApp\GACHealthApp.csproj", "{F46D771C-2560-4E9A-AB79-2C96988999D6}"
EndProject
Global
	GlobalSection(SolutionConfigurationPlatforms) = preSolution
		Debug|Any CPU = Debug|Any CPU
		Release|Any CPU = Release|Any CPU
	EndGlobalSection
	GlobalSection(ProjectConfigurationPlatforms) = postSolution
		{F46D771C-2560-4E9A-AB79-2C96988999D6}.Debug|Any CPU.ActiveCfg = Debug|Any CPU
		{F46D771C-2560-4E9A-AB79-2C96988999D6}.Debug|Any CPU.Build.0 = Debug|Any CPU
		{F46D771C-2560-4E9A-AB79-2C96988999D6}.Release|Any CPU.ActiveCfg = Release|Any CPU
		{F46D771C-2560-4E9A-AB79-2C96988999D6}.Release|Any CPU.Build.0 = Release|Any CPU
	EndGlobalSection
	GlobalSection(SolutionProperties) = preSolution
		HideSolutionNode = FALSE
	EndGlobalSection
	GlobalSection(ExtensibilityGlobals) = postSolution
		SolutionGuid = {C6E29D35-2A68-419D-8AC4-470F8A3A3EA4}
	EndGlobalSection
EndGlobal
